
Microsoft Visual Studio Solution File, Format Version 11.00
# Visual Studio 2010
Project("{FAE04EC0-301F-11D3-BF4B-00C04F79EFBC}") = "Assembly-CSharp", "Assembly-CSharp.csproj", "{BB3D1C41-EC76-2ECD-98CB-3134E1D452F0}"
EndProject
Project("{FAE04EC0-301F-11D3-BF4B-00C04F79EFBC}") = "Assembly-CSharp-Editor", "Assembly-CSharp-Editor.csproj", "{3BE6909F-215C-D6DA-BB7A-EA729023F93D}"
EndProject
Project("{FAE04EC0-301F-11D3-BF4B-00C04F79EFBC}") = "Assembly-CSharp-Editor-firstpass", "Assembly-CSharp-Editor-firstpass.csproj", "{4D32D777-0878-A2C7-8504-388641360AED}"
EndProject
Global
	GlobalSection(SolutionConfigurationPlatforms) = preSolution
		Debug|Any CPU = Debug|Any CPU
		Release|Any CPU = Release|Any CPU
	EndGlobalSection
	GlobalSection(ProjectConfigurationPlatforms) = postSolution
		{BB3D1C41-EC76-2ECD-98CB-3134E1D452F0}.Debug|Any CPU.ActiveCfg = Debug|Any CPU
		{BB3D1C41-EC76-2ECD-98CB-3134E1D452F0}.Debug|Any CPU.Build.0 = Debug|Any CPU
		{BB3D1C41-EC76-2ECD-98CB-3134E1D452F0}.Release|Any CPU.ActiveCfg = Release|Any CPU
		{BB3D1C41-EC76-2ECD-98CB-3134E1D452F0}.Release|Any CPU.Build.0 = Release|Any CPU
		{3BE6909F-215C-D6DA-BB7A-EA729023F93D}.Debug|Any CPU.ActiveCfg = Debug|Any CPU
		{3BE6909F-215C-D6DA-BB7A-EA729023F93D}.Debug|Any CPU.Build.0 = Debug|Any CPU
		{3BE6909F-215C-D6DA-BB7A-EA729023F93D}.Release|Any CPU.ActiveCfg = Release|Any CPU
		{3BE6909F-215C-D6DA-BB7A-EA729023F93D}.Release|Any CPU.Build.0 = Release|Any CPU
		{4D32D777-0878-A2C7-8504-388641360AED}.Debug|Any CPU.ActiveCfg = Debug|Any CPU
		{4D32D777-0878-A2C7-8504-388641360AED}.Debug|Any CPU.Build.0 = Debug|Any CPU
		{4D32D777-0878-A2C7-8504-388641360AED}.Release|Any CPU.ActiveCfg = Release|Any CPU
		{4D32D777-0878-A2C7-8504-388641360AED}.Release|Any CPU.Build.0 = Release|Any CPU
	EndGlobalSection
	GlobalSection(SolutionProperties) = preSolution
		HideSolutionNode = FALSE
	EndGlobalSection
EndGlobal
